
Microsoft Visual Studio Solution File, Format Version 12.00
# Visual Studio Version 16
VisualStudioVersion = 16.0.31402.337
MinimumVisualStudioVersion = 10.0.40219.1
Project("{8BC9CEB8-8B4A-11D0-8D11-00A0C91BC942}") = "Drawing_A_Triangle", "Drawing_A_Triangle\Drawing_A_Triangle.vcxproj", "{5C165815-7C5C-44C8-BC07-796D0CD27FE6}"
EndProject
Global
	GlobalSection(SolutionConfigurationPlatforms) = preSolution
		Debug|x64 = Debug|x64
		Debug|x86 = Debug|x86
		Release|x64 = Release|x64
		Release|x86 = Release|x86
	EndGlobalSection
	GlobalSection(ProjectConfigurationPlatforms) = postSolution
		{5C165815-7C5C-44C8-BC07-796D0CD27FE6}.Debug|x64.ActiveCfg = Debug|x64
		{5C165815-7C5C-44C8-BC07-796D0CD27FE6}.Debug|x64.Build.0 = Debug|x64
		{5C165815-7C5C-44C8-BC07-796D0CD27FE6}.Debug|x86.ActiveCfg = Debug|Win32
		{5C165815-7C5C-44C8-BC07-796D0CD27FE6}.Debug|x86.Build.0 = Debug|Win32
		{5C165815-7C5C-44C8-BC07-796D0CD27FE6}.Release|x64.ActiveCfg = Release|x64
		{5C165815-7C5C-44C8-BC07-796D0CD27FE6}.Release|x64.Build.0 = Release|x64
		{5C165815-7C5C-44C8-BC07-796D0CD27FE6}.Release|x86.ActiveCfg = Release|Win32
		{5C165815-7C5C-44C8-BC07-796D0CD27FE6}.Release|x86.Build.0 = Release|Win32
	EndGlobalSection
	GlobalSection(SolutionProperties) = preSolution
		HideSolutionNode = FALSE
	EndGlobalSection
	GlobalSection(ExtensibilityGlobals) = postSolution
		SolutionGuid = {DF14271E-D77B-47A2-9259-833874C6B878}
	EndGlobalSection
EndGlobal
